
Microsoft Visual Studio Solution File, Format Version 12.00
# Visual Studio Version 16
VisualStudioVersion = 16.0.29519.87
MinimumVisualStudioVersion = 10.0.40219.1
Project("{FAE04EC0-301F-11D3-BF4B-00C04F79EFBC}") = "IQSoftTestApi", "IQSoftTestApi\IQSoftTestApi.csproj", "{A74B7265-9A25-4E80-8878-4D9E01529570}"
EndProject
Project("{FAE04EC0-301F-11D3-BF4B-00C04F79EFBC}") = "IQSoftTestApiTests", "IQSoftTestApiTests\IQSoftTestApiTests.csproj", "{7441CBBB-B7DE-4C5C-83E0-C1ED7EA130B0}"
EndProject
Global
	GlobalSection(SolutionConfigurationPlatforms) = preSolution
		Debug|Any CPU = Debug|Any CPU
		Release|Any CPU = Release|Any CPU
	EndGlobalSection
	GlobalSection(ProjectConfigurationPlatforms) = postSolution
		{A74B7265-9A25-4E80-8878-4D9E01529570}.Debug|Any CPU.ActiveCfg = Debug|Any CPU
		{A74B7265-9A25-4E80-8878-4D9E01529570}.Debug|Any CPU.Build.0 = Debug|Any CPU
		{A74B7265-9A25-4E80-8878-4D9E01529570}.Release|Any CPU.ActiveCfg = Release|Any CPU
		{A74B7265-9A25-4E80-8878-4D9E01529570}.Release|Any CPU.Build.0 = Release|Any CPU
		{7441CBBB-B7DE-4C5C-83E0-C1ED7EA130B0}.Debug|Any CPU.ActiveCfg = Debug|Any CPU
		{7441CBBB-B7DE-4C5C-83E0-C1ED7EA130B0}.Debug|Any CPU.Build.0 = Debug|Any CPU
		{7441CBBB-B7DE-4C5C-83E0-C1ED7EA130B0}.Release|Any CPU.ActiveCfg = Release|Any CPU
		{7441CBBB-B7DE-4C5C-83E0-C1ED7EA130B0}.Release|Any CPU.Build.0 = Release|Any CPU
	EndGlobalSection
	GlobalSection(SolutionProperties) = preSolution
		HideSolutionNode = FALSE
	EndGlobalSection
	GlobalSection(ExtensibilityGlobals) = postSolution
		SolutionGuid = {7AD65B22-6D06-486A-A3F0-A49A5D99FD6B}
	EndGlobalSection
EndGlobal
